
Microsoft Visual Studio Solution File, Format Version 12.00
# Visual Studio 14
VisualStudioVersion = 14.0.25123.0
MinimumVisualStudioVersion = 10.0.40219.1
Project("{358BB0CB-0815-40BB-8E02-04519FA6715C}") = "Sitecore.Support.90361", "Sitecore.Support.90361\Sitecore.Support.90361.csproj", "{02A836A2-F790-4317-87C8-E67F7990ED3F}"
EndProject
Global
	GlobalSection(SolutionConfigurationPlatforms) = preSolution
		Debug|Any CPU = Debug|Any CPU
		Release|Any CPU = Release|Any CPU
	EndGlobalSection
	GlobalSection(ProjectConfigurationPlatforms) = postSolution
		{02A836A2-F790-4317-87C8-E67F7990ED3F}.Debug|Any CPU.ActiveCfg = Debug|Any CPU
		{02A836A2-F790-4317-87C8-E67F7990ED3F}.Debug|Any CPU.Build.0 = Debug|Any CPU
		{02A836A2-F790-4317-87C8-E67F7990ED3F}.Release|Any CPU.ActiveCfg = Release|Any CPU
		{02A836A2-F790-4317-87C8-E67F7990ED3F}.Release|Any CPU.Build.0 = Release|Any CPU
	EndGlobalSection
	GlobalSection(SolutionProperties) = preSolution
		HideSolutionNode = FALSE
	EndGlobalSection
EndGlobal
